// !$*UTF8*$!
{
	archiveVersion = 1;
	classes = {
	};
	objectVersion = 46;
	objects = {

/* Begin PBXBuildFile section */
		DB00B3E11A5C3837008C4AB8 /* main.m in Sources */ = {isa = PBXBuildFile; fileRef = DB00B3E01A5C3837008C4AB8 /* main.m */; };
		DB00B3E41A5C3837008C4AB8 /* AppDelegate.m in Sources */ = {isa = PBXBuildFile; fileRef = DB00B3E31A5C3837008C4AB8 /* AppDelegate.m */; };
		DB00B3E71A5C3837008C4AB8 /* FirstViewController.m in Sources */ = {isa = PBXBuildFile; fileRef = DB00B3E61A5C3837008C4AB8 /* FirstViewController.m */; };
		DB00B3EA1A5C3837008C4AB8 /* SecondViewController.m in Sources */ = {isa = PBXBuildFile; fileRef = DB00B3E91A5C3837008C4AB8 /* SecondViewController.m */; };
		DB00B3ED1A5C3837008C4AB8 /* Main.storyboard in Resources */ = {isa = PBXBuildFile; fileRef = DB00B3EB1A5C3837008C4AB8 /* Main.storyboard */; };
		DB00B3EF1A5C3837008C4AB8 /* Images.xcassets in Resources */ = {isa = PBXBuildFile; fileRef = DB00B3EE1A5C3837008C4AB8 /* Images.xcassets */; };
		DB00B3F21A5C3837008C4AB8 /* LaunchScreen.xib in Resources */ = {isa = PBXBuildFile; fileRef = DB00B3F01A5C3837008C4AB8 /* LaunchScreen.xib */; };
		DB00B3FE1A5C3837008C4AB8 /* iConfTabsTests.m in Sources */ = {isa = PBXBuildFile; fileRef = DB00B3FD1A5C3837008C4AB8 /* iConfTabsTests.m */; };
		DB00B4081A5C4049008C4AB8 /* Penglais.png in Resources */ = {isa = PBXBuildFile; fileRef = DB00B4071A5C4049008C4AB8 /* Penglais.png */; };
		DB00B40C1A5C410B008C4AB8 /* News.png in Resources */ = {isa = PBXBuildFile; fileRef = DB00B4091A5C410B008C4AB8 /* News.png */; };
		DB00B40D1A5C410B008C4AB8 /* Speech-Bubble.png in Resources */ = {isa = PBXBuildFile; fileRef = DB00B40A1A5C410B008C4AB8 /* Speech-Bubble.png */; };
		DB00B40E1A5C410B008C4AB8 /* main.png in Resources */ = {isa = PBXBuildFile; fileRef = DB00B40B1A5C410B008C4AB8 /* main.png */; };
		DBDB36BE1A5C42F4009F387E /* map.png in Resources */ = {isa = PBXBuildFile; fileRef = DBDB36BD1A5C42F4009F387E /* map.png */; };
/* End PBXBuildFile section */

/* Begin PBXContainerItemProxy section */
		DB00B3F81A5C3837008C4AB8 /* PBXContainerItemProxy */ = {
			isa = PBXContainerItemProxy;
			containerPortal = DB00B3D31A5C3837008C4AB8 /* Project object */;
			proxyType = 1;
			remoteGlobalIDString = DB00B3DA1A5C3837008C4AB8;
			remoteInfo = iConfTabs;
		};
/* End PBXContainerItemProxy section */

/* Begin PBXFileReference section */
		DB00B3DB1A5C3837008C4AB8 /* iConfTabs.app */ = {isa = PBXFileReference; explicitFileType = wrapper.application; includeInIndex = 0; path = iConfTabs.app; sourceTree = BUILT_PRODUCTS_DIR; };
		DB00B3DF1A5C3837008C4AB8 /* Info.plist */ = {isa = PBXFileReference; lastKnownFileType = text.plist.xml; path = Info.plist; sourceTree = "<group>"; };
		DB00B3E01A5C3837008C4AB8 /* main.m */ = {isa = PBXFileReference; lastKnownFileType = sourcecode.c.objc; path = main.m; sourceTree = "<group>"; };
		DB00B3E21A5C3837008C4AB8 /* AppDelegate.h */ = {isa = PBXFileReference; lastKnownFileType = sourcecode.c.h; path = AppDelegate.h; sourceTree = "<group>"; };
		DB00B3E31A5C3837008C4AB8 /* AppDelegate.m */ = {isa = PBXFileReference; lastKnownFileType = sourcecode.c.objc; path = AppDelegate.m; sourceTree = "<group>"; };
		DB00B3E51A5C3837008C4AB8 /* FirstViewController.h */ = {isa = PBXFileReference; lastKnownFileType = sourcecode.c.h; path = FirstViewController.h; sourceTree = "<group>"; };
		DB00B3E61A5C3837008C4AB8 /* FirstViewController.m */ = {isa = PBXFileReference; lastKnownFileType = sourcecode.c.objc; path = FirstViewController.m; sourceTree = "<group>"; };
		DB00B3E81A5C3837008C4AB8 /* SecondViewController.h */ = {isa = PBXFileReference; lastKnownFileType = sourcecode.c.h; path = SecondViewController.h; sourceTree = "<group>"; };
		DB00B3E91A5C3837008C4AB8 /* SecondViewController.m */ = {isa = PBXFileReference; lastKnownFileType = sourcecode.c.objc; path = SecondViewController.m; sourceTree = "<group>"; };
		DB00B3EC1A5C3837008C4AB8 /* Base */ = {isa = PBXFileReference; lastKnownFileType = file.storyboard; name = Base; path = Base.lproj/Main.storyboard; sourceTree = "<group>"; };
		DB00B3EE1A5C3837008C4AB8 /* Images.xcassets */ = {isa = PBXFileReference; lastKnownFileType = folder.assetcatalog; path = Images.xcassets; sourceTree = "<group>"; };
		DB00B3F11A5C3837008C4AB8 /* Base */ = {isa = PBXFileReference; lastKnownFileType = file.xib; name = Base; path = Base.lproj/LaunchScreen.xib; sourceTree = "<group>"; };
		DB00B3F71A5C3837008C4AB8 /* iConfTabsTests.xctest */ = {isa = PBXFileReference; explicitFileType = wrapper.cfbundle; includeInIndex = 0; path = iConfTabsTests.xctest; sourceTree = BUILT_PRODUCTS_DIR; };
		DB00B3FC1A5C3837008C4AB8 /* Info.plist */ = {isa = PBXFileReference; lastKnownFileType = text.plist.xml; path = Info.plist; sourceTree = "<group>"; };
		DB00B3FD1A5C3837008C4AB8 /* iConfTabsTests.m */ = {isa = PBXFileReference; lastKnownFileType = sourcecode.c.objc; path = iConfTabsTests.m; sourceTree = "<group>"; };
		DB00B4071A5C4049008C4AB8 /* Penglais.png */ = {isa = PBXFileReference; lastKnownFileType = image.png; path = Penglais.png; sourceTree = "<group>"; };
		DB00B4091A5C410B008C4AB8 /* News.png */ = {isa = PBXFileReference; lastKnownFileType = image.png; path = News.png; sourceTree = "<group>"; };
		DB00B40A1A5C410B008C4AB8 /* Speech-Bubble.png */ = {isa = PBXFileReference; lastKnownFileType = image.png; path = "Speech-Bubble.png"; sourceTree = "<group>"; };
		DB00B40B1A5C410B008C4AB8 /* main.png */ = {isa = PBXFileReference; lastKnownFileType = image.png; path = main.png; sourceTree = "<group>"; };
		DBDB36BD1A5C42F4009F387E /* map.png */ = {isa = PBXFileReference; lastKnownFileType = image.png; path = map.png; sourceTree = "<group>"; };
/* End PBXFileReference section */

/* Begin PBXFrameworksBuildPhase section */
		DB00B3D81A5C3837008C4AB8 /* Frameworks */ = {
			isa = PBXFrameworksBuildPhase;
			buildActionMask = 2147483647;
			files = (
			);
			runOnlyForDeploymentPostprocessing = 0;
		};
		DB00B3F41A5C3837008C4AB8 /* Frameworks */ = {
			isa = PBXFrameworksBuildPhase;
			buildActionMask = 2147483647;
			files = (
			);
			runOnlyForDeploymentPostprocessing = 0;
		};
/* End PBXFrameworksBuildPhase section */

/* Begin PBXGroup section */
		DB00B3D21A5C3837008C4AB8 = {
			isa = PBXGroup;
			children = (
				DB00B3DD1A5C3837008C4AB8 /* iConfTabs */,
				DB00B3FA1A5C3837008C4AB8 /* iConfTabsTests */,
				DB00B3DC1A5C3837008C4AB8 /* Products */,
			);
			sourceTree = "<group>";
		};
		DB00B3DC1A5C3837008C4AB8 /* Products */ = {
			isa = PBXGroup;
			children = (
				DB00B3DB1A5C3837008C4AB8 /* iConfTabs.app */,
				DB00B3F71A5C3837008C4AB8 /* iConfTabsTests.xctest */,
			);
			name = Products;
			sourceTree = "<group>";
		};
		DB00B3DD1A5C3837008C4AB8 /* iConfTabs */ = {
			isa = PBXGroup;
			children = (
				DB00B3E21A5C3837008C4AB8 /* AppDelegate.h */,
				DB00B3E31A5C3837008C4AB8 /* AppDelegate.m */,
				DB00B3E51A5C3837008C4AB8 /* FirstViewController.h */,
				DB00B3E61A5C3837008C4AB8 /* FirstViewController.m */,
				DB00B3E81A5C3837008C4AB8 /* SecondViewController.h */,
				DB00B3E91A5C3837008C4AB8 /* SecondViewController.m */,
				DB00B3EB1A5C3837008C4AB8 /* Main.storyboard */,
				DB00B3EE1A5C3837008C4AB8 /* Images.xcassets */,
				DB00B3F01A5C3837008C4AB8 /* LaunchScreen.xib */,
				DB00B3DE1A5C3837008C4AB8 /* Supporting Files */,
			);
			path = iConfTabs;
			sourceTree = "<group>";
		};
		DB00B3DE1A5C3837008C4AB8 /* Supporting Files */ = {
			isa = PBXGroup;
			children = (
				DBDB36BD1A5C42F4009F387E /* map.png */,
				DB00B4091A5C410B008C4AB8 /* News.png */,
				DB00B40A1A5C410B008C4AB8 /* Speech-Bubble.png */,
				DB00B40B1A5C410B008C4AB8 /* main.png */,
				DB00B4071A5C4049008C4AB8 /* Penglais.png */,
				DB00B3DF1A5C3837008C4AB8 /* Info.plist */,
				DB00B3E01A5C3837008C4AB8 /* main.m */,
			);
			name = "Supporting Files";
			sourceTree = "<group>";
		};
		DB00B3FA1A5C3837008C4AB8 /* iConfTabsTests */ = {
			isa = PBXGroup;
			children = (
				DB00B3FD1A5C3837008C4AB8 /* iConfTabsTests.m */,
				DB00B3FB1A5C3837008C4AB8 /* Supporting Files */,
			);
			path = iConfTabsTests;
			sourceTree = "<group>";
		};
		DB00B3FB1A5C3837008C4AB8 /* Supporting Files */ = {
			isa = PBXGroup;
			children = (
				DB00B3FC1A5C3837008C4AB8 /* Info.plist */,
			);
			name = "Supporting Files";
			sourceTree = "<group>";
		};
/* End PBXGroup section */

/* Begin PBXNativeTarget section */
		DB00B3DA1A5C3837008C4AB8 /* iConfTabs */ = {
			isa = PBXNativeTarget;
			buildConfigurationList = DB00B4011A5C3837008C4AB8 /* Build configuration list for PBXNativeTarget "iConfTabs" */;
			buildPhases = (
				DB00B3D71A5C3837008C4AB8 /* Sources */,
				DB00B3D81A5C3837008C4AB8 /* Frameworks */,
				DB00B3D91A5C3837008C4AB8 /* Resources */,
			);
			buildRules = (
			);
			dependencies = (
			);
			name = iConfTabs;
			productName = iConfTabs;
			productReference = DB00B3DB1A5C3837008C4AB8 /* iConfTabs.app */;
			productType = "com.apple.product-type.application";
		};
		DB00B3F61A5C3837008C4AB8 /* iConfTabsTests */ = {
			isa = PBXNativeTarget;
			buildConfigurationList = DB00B4041A5C3837008C4AB8 /* Build configuration list for PBXNativeTarget "iConfTabsTests" */;
			buildPhases = (
				DB00B3F31A5C3837008C4AB8 /* Sources */,
				DB00B3F41A5C3837008C4AB8 /* Frameworks */,
				DB00B3F51A5C3837008C4AB8 /* Resources */,
			);
			buildRules = (
			);
			dependencies = (
				DB00B3F91A5C3837008C4AB8 /* PBXTargetDependency */,
			);
			name = iConfTabsTests;
			productName = iConfTabsTests;
			productReference = DB00B3F71A5C3837008C4AB8 /* iConfTabsTests.xctest */;
			productType = "com.apple.product-type.bundle.unit-test";
		};
/* End PBXNativeTarget section */

/* Begin PBXProject section */
		DB00B3D31A5C3837008C4AB8 /* Project object */ = {
			isa = PBXProject;
			attributes = {
				LastUpgradeCheck = 0610;
				ORGANIZATIONNAME = "John Dyer";
				TargetAttributes = {
					DB00B3DA1A5C3837008C4AB8 = {
						CreatedOnToolsVersion = 6.1.1;
					};
					DB00B3F61A5C3837008C4AB8 = {
						CreatedOnToolsVersion = 6.1.1;
						TestTargetID = DB00B3DA1A5C3837008C4AB8;
					};
				};
			};
			buildConfigurationList = DB00B3D61A5C3837008C4AB8 /* Build configuration list for PBXProject "iConfTabs" */;
			compatibilityVersion = "Xcode 3.2";
			developmentRegion = English;
			hasScannedForEncodings = 0;
			knownRegions = (
				en,
				Base,
			);
			mainGroup = DB00B3D21A5C3837008C4AB8;
			productRefGroup = DB00B3DC1A5C3837008C4AB8 /* Products */;
			projectDirPath = "";
			projectRoot = "";
			targets = (
				DB00B3DA1A5C3837008C4AB8 /* iConfTabs */,
				DB00B3F61A5C3837008C4AB8 /* iConfTabsTests */,
			);
		};
/* End PBXProject section */

/* Begin PBXResourcesBuildPhase section */
		DB00B3D91A5C3837008C4AB8 /* Resources */ = {
			isa = PBXResourcesBuildPhase;
			buildActionMask = 2147483647;
			files = (
				DBDB36BE1A5C42F4009F387E /* map.png in Resources */,
				DB00B3ED1A5C3837008C4AB8 /* Main.storyboard in Resources */,
				DB00B40E1A5C410B008C4AB8 /* main.png in Resources */,
				DB00B3F21A5C3837008C4AB8 /* LaunchScreen.xib in Resources */,
				DB00B40C1A5C410B008C4AB8 /* News.png in Resources */,
				DB00B40D1A5C410B008C4AB8 /* Speech-Bubble.png in Resources */,
				DB00B4081A5C4049008C4AB8 /* Penglais.png in Resources */,
				DB00B3EF1A5C3837008C4AB8 /* Images.xcassets in Resources */,
			);
			runOnlyForDeploymentPostprocessing = 0;
		};
		DB00B3F51A5C3837008C4AB8 /* Resources */ = {
			isa = PBXResourcesBuildPhase;
			buildActionMask = 2147483647;
			files = (
			);
			runOnlyForDeploymentPostprocessing = 0;
		};
/* End PBXResourcesBuildPhase section */

/* Begin PBXSourcesBuildPhase section */
		DB00B3D71A5C3837008C4AB8 /* Sources */ = {
			isa = PBXSourcesBuildPhase;
			buildActionMask = 2147483647;
			files = (
				DB00B3EA1A5C3837008C4AB8 /* SecondViewController.m in Sources */,
				DB00B3E41A5C3837008C4AB8 /* AppDelegate.m in Sources */,
				DB00B3E71A5C3837008C4AB8 /* FirstViewController.m in Sources */,
				DB00B3E11A5C3837008C4AB8 /* main.m in Sources */,
			);
			runOnlyForDeploymentPostprocessing = 0;
		};
		DB00B3F31A5C3837008C4AB8 /* Sources */ = {
			isa = PBXSourcesBuildPhase;
			buildActionMask = 2147483647;
			files = (
				DB00B3FE1A5C3837008C4AB8 /* iConfTabsTests.m in Sources */,
			);
			runOnlyForDeploymentPostprocessing = 0;
		};
/* End PBXSourcesBuildPhase section */

/* Begin PBXTargetDependency section */
		DB00B3F91A5C3837008C4AB8 /* PBXTargetDependency */ = {
			isa = PBXTargetDependency;
			target = DB00B3DA1A5C3837008C4AB8 /* iConfTabs */;
			targetProxy = DB00B3F81A5C3837008C4AB8 /* PBXContainerItemProxy */;
		};
/* End PBXTargetDependency section */

/* Begin PBXVariantGroup section */
		DB00B3EB1A5C3837008C4AB8 /* Main.storyboard */ = {
			isa = PBXVariantGroup;
			children = (
				DB00B3EC1A5C3837008C4AB8 /* Base */,
			);
			name = Main.storyboard;
			sourceTree = "<group>";
		};
		DB00B3F01A5C3837008C4AB8 /* LaunchScreen.xib */ = {
			isa = PBXVariantGroup;
			children = (
				DB00B3F11A5C3837008C4AB8 /* Base */,
			);
			name = LaunchScreen.xib;
			sourceTree = "<group>";
		};
/* End PBXVariantGroup section */

/* Begin XCBuildConfiguration section */
		DB00B3FF1A5C3837008C4AB8 /* Debug */ = {
			isa = XCBuildConfiguration;
			buildSettings = {
				ALWAYS_SEARCH_USER_PATHS = NO;
				CLANG_CXX_LANGUAGE_STANDARD = "gnu++0x";
				CLANG_CXX_LIBRARY = "libc++";
				CLANG_ENABLE_MODULES = YES;
				CLANG_ENABLE_OBJC_ARC = YES;
				CLANG_WARN_BOOL_CONVERSION = YES;
				CLANG_WARN_CONSTANT_CONVERSION = YES;
				CLANG_WARN_DIRECT_OBJC_ISA_USAGE = YES_ERROR;
				CLANG_WARN_EMPTY_BODY = YES;
				CLANG_WARN_ENUM_CONVERSION = YES;
				CLANG_WARN_INT_CONVERSION = YES;
				CLANG_WARN_OBJC_ROOT_CLASS = YES_ERROR;
				CLANG_WARN_UNREACHABLE_CODE = YES;
				CLANG_WARN__DUPLICATE_METHOD_MATCH = YES;
				"CODE_SIGN_IDENTITY[sdk=iphoneos*]" = "iPhone Developer";
				COPY_PHASE_STRIP = NO;
				ENABLE_STRICT_OBJC_MSGSEND = YES;
				GCC_C_LANGUAGE_STANDARD = gnu99;
				GCC_DYNAMIC_NO_PIC = NO;
				GCC_OPTIMIZATION_LEVEL = 0;
				GCC_PREPROCESSOR_DEFINITIONS = (
					"DEBUG=1",
					"$(inherited)",
				);
				GCC_SYMBOLS_PRIVATE_EXTERN = NO;
				GCC_WARN_64_TO_32_BIT_CONVERSION = YES;
				GCC_WARN_ABOUT_RETURN_TYPE = YES_ERROR;
				GCC_WARN_UNDECLARED_SELECTOR = YES;
				GCC_WARN_UNINITIALIZED_AUTOS = YES_AGGRESSIVE;
				GCC_WARN_UNUSED_FUNCTION = YES;
				GCC_WARN_UNUSED_VARIABLE = YES;
				IPHONEOS_DEPLOYMENT_TARGET = 8.1;
				MTL_ENABLE_DEBUG_INFO = YES;
				ONLY_ACTIVE_ARCH = YES;
				SDKROOT = iphoneos;
				TARGETED_DEVICE_FAMILY = "1,2";
			};
			name = Debug;
		};
		DB00B4001A5C3837008C4AB8 /* Release */ = {
			isa = XCBuildConfiguration;
			buildSettings = {
				ALWAYS_SEARCH_USER_PATHS = NO;
				CLANG_CXX_LANGUAGE_STANDARD = "gnu++0x";
				CLANG_CXX_LIBRARY = "libc++";
				CLANG_ENABLE_MODULES = YES;
				CLANG_ENABLE_OBJC_ARC = YES;
				CLANG_WARN_BOOL_CONVERSION = YES;
				CLANG_WARN_CONSTANT_CONVERSION = YES;
				CLANG_WARN_DIRECT_OBJC_ISA_USAGE = YES_ERROR;
				CLANG_WARN_EMPTY_BODY = YES;
				CLANG_WARN_ENUM_CONVERSION = YES;
				CLANG_WARN_INT_CONVERSION = YES;
				CLANG_WARN_OBJC_ROOT_CLASS = YES_ERROR;
				CLANG_WARN_UNREACHABLE_CODE = YES;
				CLANG_WARN__DUPLICATE_METHOD_MATCH = YES;
				"CODE_SIGN_IDENTITY[sdk=iphoneos*]" = "iPhone Developer";
				COPY_PHASE_STRIP = YES;
				ENABLE_NS_ASSERTIONS = NO;
				ENABLE_STRICT_OBJC_MSGSEND = YES;
				GCC_C_LANGUAGE_STANDARD = gnu99;
				GCC_WARN_64_TO_32_BIT_CONVERSION = YES;
				GCC_WARN_ABOUT_RETURN_TYPE = YES_ERROR;
				GCC_WARN_UNDECLARED_SELECTOR = YES;
				GCC_WARN_UNINITIALIZED_AUTOS = YES_AGGRESSIVE;
				GCC_WARN_UNUSED_FUNCTION = YES;
				GCC_WARN_UNUSED_VARIABLE = YES;
				IPHONEOS_DEPLOYMENT_TARGET = 8.1;
				MTL_ENABLE_DEBUG_INFO = NO;
				SDKROOT = iphoneos;
				TARGETED_DEVICE_FAMILY = "1,2";
				VALIDATE_PRODUCT = YES;
			};
			name = Release;
		};
		DB00B4021A5C3837008C4AB8 /* Debug */ = {
			isa = XCBuildConfiguration;
			buildSettings = {
				ASSETCATALOG_COMPILER_APPICON_NAME = AppIcon;
				INFOPLIST_FILE = iConfTabs/Info.plist;
				LD_RUNPATH_SEARCH_PATHS = "$(inherited) @executable_path/Frameworks";
				PRODUCT_NAME = "$(TARGET_NAME)";
			};
			name = Debug;
		};
		DB00B4031A5C3837008C4AB8 /* Release */ = {
			isa = XCBuildConfiguration;
			buildSettings = {
				ASSETCATALOG_COMPILER_APPICON_NAME = AppIcon;
				INFOPLIST_FILE = iConfTabs/Info.plist;
				LD_RUNPATH_SEARCH_PATHS = "$(inherited) @executable_path/Frameworks";
				PRODUCT_NAME = "$(TARGET_NAME)";
			};
			name = Release;
		};
		DB00B4051A5C3837008C4AB8 /* Debug */ = {
			isa = XCBuildConfiguration;
			buildSettings = {
				BUNDLE_LOADER = "$(TEST_HOST)";
				FRAMEWORK_SEARCH_PATHS = (
					"$(SDKROOT)/Developer/Library/Frameworks",
					"$(inherited)",
				);
				GCC_PREPROCESSOR_DEFINITIONS = (
					"DEBUG=1",
					"$(inherited)",
				);
				INFOPLIST_FILE = iConfTabsTests/Info.plist;
				LD_RUNPATH_SEARCH_PATHS = "$(inherited) @executable_path/Frameworks @loader_path/Frameworks";
				PRODUCT_NAME = "$(TARGET_NAME)";
				TEST_HOST = "$(BUILT_PRODUCTS_DIR)/iConfTabs.app/iConfTabs";
			};
			name = Debug;
		};
		DB00B4061A5C3837008C4AB8 /* Release */ = {
			isa = XCBuildConfiguration;
			buildSettings = {
				BUNDLE_LOADER = "$(TEST_HOST)";
				FRAMEWORK_SEARCH_PATHS = (
					"$(SDKROOT)/Developer/Library/Frameworks",
					"$(inherited)",
				);
				INFOPLIST_FILE = iConfTabsTests/Info.plist;
				LD_RUNPATH_SEARCH_PATHS = "$(inherited) @executable_path/Frameworks @loader_path/Frameworks";
				PRODUCT_NAME = "$(TARGET_NAME)";
				TEST_HOST = "$(BUILT_PRODUCTS_DIR)/iConfTabs.app/iConfTabs";
			};
			name = Release;
		};
/* End XCBuildConfiguration section */

/* Begin XCConfigurationList section */
		DB00B3D61A5C3837008C4AB8 /* Build configuration list for PBXProject "iConfTabs" */ = {
			isa = XCConfigurationList;
			buildConfigurations = (
				DB00B3FF1A5C3837008C4AB8 /* Debug */,
				DB00B4001A5C3837008C4AB8 /* Release */,
			);
			defaultConfigurationIsVisible = 0;
			defaultConfigurationName = Release;
		};
		DB00B4011A5C3837008C4AB8 /* Build configuration list for PBXNativeTarget "iConfTabs" */ = {
			isa = XCConfigurationList;
			buildConfigurations = (
				DB00B4021A5C3837008C4AB8 /* Debug */,
				DB00B4031A5C3837008C4AB8 /* Release */,
			);
			defaultConfigurationIsVisible = 0;
			defaultConfigurationName = Release;
		};
		DB00B4041A5C3837008C4AB8 /* Build configuration list for PBXNativeTarget "iConfTabsTests" */ = {
			isa = XCConfigurationList;
			buildConfigurations = (
				DB00B4051A5C3837008C4AB8 /* Debug */,
				DB00B4061A5C3837008C4AB8 /* Release */,
			);
			defaultConfigurationIsVisible = 0;
			defaultConfigurationName = Release;
		};
/* End XCConfigurationList section */
	};
	rootObject = DB00B3D31A5C3837008C4AB8 /* Project object */;
}
